
Microsoft Visual Studio Solution File, Format Version 12.00
# Visual Studio Version 16
VisualStudioVersion = 16.0.30503.244
MinimumVisualStudioVersion = 10.0.40219.1
Project("{FAE04EC0-301F-11D3-BF4B-00C04F79EFBC}") = "Dejana Ristic", "Dejana Ristic\Dejana Ristic.csproj", "{DEBA9E9B-F394-4F5D-B2BD-025EE8D35EEB}"
EndProject
Global
	GlobalSection(SolutionConfigurationPlatforms) = preSolution
		Debug|Any CPU = Debug|Any CPU
		Release|Any CPU = Release|Any CPU
	EndGlobalSection
	GlobalSection(ProjectConfigurationPlatforms) = postSolution
		{DEBA9E9B-F394-4F5D-B2BD-025EE8D35EEB}.Debug|Any CPU.ActiveCfg = Debug|Any CPU
		{DEBA9E9B-F394-4F5D-B2BD-025EE8D35EEB}.Debug|Any CPU.Build.0 = Debug|Any CPU
		{DEBA9E9B-F394-4F5D-B2BD-025EE8D35EEB}.Release|Any CPU.ActiveCfg = Release|Any CPU
		{DEBA9E9B-F394-4F5D-B2BD-025EE8D35EEB}.Release|Any CPU.Build.0 = Release|Any CPU
	EndGlobalSection
	GlobalSection(SolutionProperties) = preSolution
		HideSolutionNode = FALSE
	EndGlobalSection
	GlobalSection(ExtensibilityGlobals) = postSolution
		SolutionGuid = {A2680BAC-1DE4-4A16-BC5F-AD2BED6A0941}
	EndGlobalSection
EndGlobal
